
Microsoft Visual Studio Solution File, Format Version 12.00
# Visual Studio Version 17
VisualStudioVersion = 17.14.36109.1 d17.14
MinimumVisualStudioVersion = 10.0.40219.1
Project("{FAE04EC0-301F-11D3-BF4B-00C04F79EFBC}") = "SDChecker", "SDChecker\SDChecker.csproj", "{6FB60325-3E0B-451C-AF2E-5BCAFD24065B}"
EndProject
Global
	GlobalSection(SolutionConfigurationPlatforms) = preSolution
		Debug|Any CPU = Debug|Any CPU
		Release|Any CPU = Release|Any CPU
	EndGlobalSection
	GlobalSection(ProjectConfigurationPlatforms) = postSolution
		{6FB60325-3E0B-451C-AF2E-5BCAFD24065B}.Debug|Any CPU.ActiveCfg = Debug|Any CPU
		{6FB60325-3E0B-451C-AF2E-5BCAFD24065B}.Debug|Any CPU.Build.0 = Debug|Any CPU
		{6FB60325-3E0B-451C-AF2E-5BCAFD24065B}.Release|Any CPU.ActiveCfg = Release|Any CPU
		{6FB60325-3E0B-451C-AF2E-5BCAFD24065B}.Release|Any CPU.Build.0 = Release|Any CPU
	EndGlobalSection
	GlobalSection(SolutionProperties) = preSolution
		HideSolutionNode = FALSE
	EndGlobalSection
	GlobalSection(ExtensibilityGlobals) = postSolution
		SolutionGuid = {522B8B75-1657-48B2-A8A8-1DDAF4278FBD}
	EndGlobalSection
EndGlobal
